{
  "version": "3",
  "packages": {
    "specifiers": {
      "npm:rxjs": "npm:rxjs@7.8.1"
    },
    "npm": {
      "rxjs@7.8.1": {
        "integrity": "sha512-AA3TVj+0A2iuIoQkWEK/tqFjBq2j+6PO6Y0zJcvzLAFhEFIO3HL0vls9hWLncZbAAbK0mar7oZ4V079I/qPMxg==",
        "dependencies": {
          "tslib": "tslib@2.6.2"
        }
      },
      "tslib@2.6.2": {
        "integrity": "sha512-AEYxH93jGFPn/a2iVAwW87VuUIkR1FVUKB77NwMF7nBTDkDrrT/Hpt/IrCJ0QXhW27jTBDcf5ZY7w6RiqTMw2Q==",
        "dependencies": {}
      }
    }
  },
  "remote": {
    "https://deno.land/std@0.211.0/assert/assert.ts": "bec068b2fccdd434c138a555b19a2c2393b71dfaada02b7d568a01541e67cdc5",
    "https://deno.land/std@0.211.0/assert/assertion_error.ts": "9f689a101ee586c4ce92f52fa7ddd362e86434ffdf1f848e45987dc7689976b8",
    "https://deno.land/std@0.211.0/async/delay.ts": "eab3187eee39ccc8cc76d411fb21fb1801250ddb1090e486d5aec2ace5403391",
    "https://deno.land/std@0.211.0/dotenv/load.ts": "587b342f0f6a3df071331fe6ba1c823729ab68f7d53805809475e486dd4161d7",
    "https://deno.land/std@0.211.0/dotenv/mod.ts": "bcfa9c102d5ce6218ec0c4a69aa0fc1009fc309a85448f98a8debaa75866a3d7",
    "https://deno.land/std@0.211.0/dotenv/parse.ts": "ddcb04a8a7198918cfc52efbebb0d4fc51abfea913649912fcc1cf4c52bd81a2",
    "https://deno.land/std@0.211.0/dotenv/stringify.ts": "74521a8e907adffff19f132765902a8c51743e386107b91cc934bae154031e84",
    "https://deno.land/std@0.211.0/encoding/_util.ts": "beacef316c1255da9bc8e95afb1fa56ed69baef919c88dc06ae6cb7a6103d376",
    "https://deno.land/std@0.211.0/encoding/base64.ts": "0ec6d6e6b68fc38f6396277e5184bcd47c1a9db0222fd0b563487eb67e352741",
    "https://deno.land/std@0.211.0/encoding/hex.ts": "aaa6af2cc008dfd37e4f0c713c37b3d5563367b644fbd06db4fa60f6135f40bc",
    "https://deno.land/std@0.211.0/http/_negotiation/common.ts": "051a9f6edd1ed69507df89bbc16fc1b13b7654b9b8fd38072ec33ae4c185fc13",
    "https://deno.land/std@0.211.0/http/_negotiation/encoding.ts": "afc658fca003248777919257474a2d128892cbca4a3b9faa1ddee8d7a53e52a9",
    "https://deno.land/std@0.211.0/http/_negotiation/language.ts": "4d38c2abeaabcd69de1f1b81e2c3e33ba9c3f4f9eea1b7af93664561d43092ff",
    "https://deno.land/std@0.211.0/http/_negotiation/media_type.ts": "1f6f2036e3173b42b0bdf8df8011d72e20668d35eadc8cec11a5ac0921aa60fb",
    "https://deno.land/std@0.211.0/http/cookie.ts": "81bca9155a792be5099a57f8f1b0e9df6c8370dfad9ed69fb58cd84606c00e8a",
    "https://deno.land/std@0.211.0/http/cookie_map.ts": "2811481ca3bff31b7cd4c4efa64a6fddd6614327e0fb2c1d3148f4cf0b9916e6",
    "https://deno.land/std@0.211.0/http/etag.ts": "8570289ed16c6e76aa9aa0af07c9e33842f82fc1518378739696ca95753acd1c",
    "https://deno.land/std@0.211.0/http/mod.ts": "165dab960f0ffaa093839318cfd96dd43a3646cbeced361899775036bc6e48ed",
    "https://deno.land/std@0.211.0/http/negotiation.ts": "a8c9f02da070145109ac42b4efb4f279dce93c3753f3e9dc9ad71c1403f96364",
    "https://deno.land/std@0.211.0/http/server.ts": "ddee66e9a2ee98df8b31a47fd4ad678e75a8a11f543157641fd9ea0760c20f39",
    "https://deno.land/std@0.211.0/http/server_sent_event_stream.ts": "809d277266c2d24e99d9400c2838002119dd80b53462a7e5e93335b712b9e96a",
    "https://deno.land/std@0.211.0/http/status.ts": "716c63e9f7a8d109ea3a28f9c81f895d5c30522cdaf39be87b13dfba162cdb3d",
    "https://deno.land/std@0.211.0/http/unstable_cookie_map.ts": "54f4be70c307855782f490495d56a41229af0404f7665eebf59284b13efda76e",
    "https://deno.land/std@0.211.0/http/unstable_signed_cookie.ts": "a8d214120f7e9cbc9e30cc398844dae969dfaedbdec8d6d02baeb08b32db43e9",
    "https://deno.land/std@0.211.0/http/user_agent.ts": "68ff1b7a1025797176796651128312921aa1a27ba1f23483563b157f01786673",
    "https://deno.land/std@0.216.0/assert/assert.ts": "bec068b2fccdd434c138a555b19a2c2393b71dfaada02b7d568a01541e67cdc5",
    "https://deno.land/std@0.216.0/assert/assertion_error.ts": "9f689a101ee586c4ce92f52fa7ddd362e86434ffdf1f848e45987dc7689976b8",
    "https://deno.land/std@0.216.0/async/delay.ts": "8e1d18fe8b28ff95885e2bc54eccec1713f57f756053576d8228e6ca110793ad",
    "https://deno.land/std@0.216.0/cli/parse_args.ts": "df284f03f8ef4c581c17ca12db41cc17bcf0fa2ab6a8e09dbb72fa05916d4427",
    "https://deno.land/std@0.216.0/collections/_utils.ts": "fc59674548a4dd9f5c3cc4f99f9c264aa521a52c1a4ff56b0263713e57e79206",
    "https://deno.land/std@0.216.0/collections/aggregate_groups.ts": "c63a57a16e87537ee71df1174a111e2c4cd05f0d4be83db701c8740e81bd157c",
    "https://deno.land/std@0.216.0/collections/associate_by.ts": "8c09c6a66769480f3181bd7b582796aed85fa71e2595c1b3d73684b9caae33b1",
    "https://deno.land/std@0.216.0/collections/associate_with.ts": "5cbbdb53ffb0160338b86d7c3ba6e0b343c66d5104ccff4430dd766c603ea3d4",
    "https://deno.land/std@0.216.0/collections/chunk.ts": "e6e533d6ae047f2082892831d463426f79cdd0d3f09ce298317a8469abf8467e",
    "https://deno.land/std@0.216.0/collections/deep_merge.ts": "04f8d2a6cfa15c7580e788689bcb5e162512b9ccb18bab1241824b432a78551e",
    "https://deno.land/std@0.216.0/collections/distinct.ts": "42d81633e4ccd5ea89118cb08f875bbfc683ac6620df2fa60f3d07270b177f4d",
    "https://deno.land/std@0.216.0/collections/distinct_by.ts": "e895705decb0ce88b31c6679fd4e2bd08ac6d47cde7d00bf2016e3c2bac565a7",
    "https://deno.land/std@0.216.0/collections/drop_last_while.ts": "4bfb91818d0165b172843bfd41a8b988e566b23a29e038794ca832118de150bf",
    "https://deno.land/std@0.216.0/collections/drop_while.ts": "cf15d7f83ece2828e1fe04bbe04b646801d11be9c259a0f47c1b0ac2aa7dabdf",
    "https://deno.land/std@0.216.0/collections/filter_entries.ts": "12202e99001695fcf541ec0191e9762fe7290ba4597df762d3a0c6e611a1aafe",
    "https://deno.land/std@0.216.0/collections/filter_keys.ts": "bf8eaae2769e6ddd34f23ba1912f7feda2b6f374253c07a6630e9a2e384ba611",
    "https://deno.land/std@0.216.0/collections/filter_values.ts": "ad8fae5751977598f8c794d65f0d42c9f9e47a7d774cf82b2449cd78ff4f729a",
    "https://deno.land/std@0.216.0/collections/find_single.ts": "d2f69dd19d85c85d0f82ffff18517076795fe8a4a960b75f33b00655e070d6f7",
    "https://deno.land/std@0.216.0/collections/first_not_nullish_of.ts": "cc5581ace9b896c83b9c002dc90a2f7b4c5dcddc319d78542287479dd348c300",
    "https://deno.land/std@0.216.0/collections/includes_value.ts": "c5755ad1ac0b95cdc60ca794ada0e65e85ecad96729a9f6cd715516b77497564",
    "https://deno.land/std@0.216.0/collections/intersect.ts": "9a4427ce81bd0982f4e6e65c51da99648b09f89ed0e4950fcf89fc7052336e60",
    "https://deno.land/std@0.216.0/collections/join_to_string.ts": "6f3441958aeb382e8e35be527e5ff5e6f6346e83ac4c17fe3f9fa293eff0f18e",
    "https://deno.land/std@0.216.0/collections/map_entries.ts": "45b8bf3f197ee24abe2e078213a4cf2f4e187ad130649fff34e13b1a03ede478",
    "https://deno.land/std@0.216.0/collections/map_keys.ts": "2fd91963117d2376ea6dbbe473d77c20ede79b72437ed0dac36161b1af62f058",
    "https://deno.land/std@0.216.0/collections/map_not_nullish.ts": "f519f74db550afcf6c6e2486382cb4dc6b0465e4234b6acca26910d118e7dd55",
    "https://deno.land/std@0.216.0/collections/map_values.ts": "91d6ece4b4dc4b94abc378f51e0e309e7f7f18b2ce4c335dab673a31ebd17c75",
    "https://deno.land/std@0.216.0/collections/max_by.ts": "a601c296d54349097d5b424bc86c84010ab22733b622b480e2ad65927063d7bb",
    "https://deno.land/std@0.216.0/collections/max_of.ts": "a56297ed49ee42eb948d348451c9158c9f7b8e4e1fc0259829e945924893ca07",
    "https://deno.land/std@0.216.0/collections/max_with.ts": "ea4838b17246166991ed033c52b43f04be957168c12bdb193b0f8ffdd046a6d0",
    "https://deno.land/std@0.216.0/collections/min_by.ts": "79477d359b5882acf670179ba18ac619b63bb01f8a681d067f9fb318f3367dfe",
    "https://deno.land/std@0.216.0/collections/min_of.ts": "a80b6881494f505fe42c160317225c99a69bf393419563063ac2dd258cffd9b2",
    "https://deno.land/std@0.216.0/collections/min_with.ts": "94e011b9f0329be593527975c5f511b02010c4f42a50098297cb5012a418ac76",
    "https://deno.land/std@0.216.0/collections/mod.ts": "f498e896cea2898577430cdee944a77b4a062028074464441cddebfe51670454",
    "https://deno.land/std@0.216.0/collections/partition.ts": "22689dc4834bbcaa06f9ac204ac5502ab0f7087d7fca26bad50319c12434d099",
    "https://deno.land/std@0.216.0/collections/partition_entries.ts": "4112ef54d8f1b24a281a432d1d55e183c260139da9153a8449021884ff2bd675",
    "https://deno.land/std@0.216.0/collections/permutations.ts": "976f444c0fe52f764ad473d2dbcfbc5a97a3066aebed2f809e084c548dcf7f19",
    "https://deno.land/std@0.216.0/collections/reduce_groups.ts": "59a375aec7dfacdf1f22c39e618fbbfbfb50ed36e338b1c57c704beadaeef2a7",
    "https://deno.land/std@0.216.0/collections/running_reduce.ts": "b8b4b5bf0b3d61db8fc0993b9e7e630fba299e360c463ebb0d3ce7e12a65abeb",
    "https://deno.land/std@0.216.0/collections/sample.ts": "bdf721d86a6eb3d27ae419aea92a2f24a3de19772b24aad831064e8a0ff7ecd1",
    "https://deno.land/std@0.216.0/collections/sliding_windows.ts": "254402e0603a94063a90e5561c48435c2fb278b8915e801632b8deebdd731219",
    "https://deno.land/std@0.216.0/collections/sort_by.ts": "c84b51b70e9698313c021d11531a1eb07ddda0f423b7778e3cda24663c8b0eaa",
    "https://deno.land/std@0.216.0/collections/sum_of.ts": "a7617a77c2501a54dedf50bc4211ca6c06c9678eee00c31a63e187cc8f0b3b97",
    "https://deno.land/std@0.216.0/collections/take_last_while.ts": "d6e05d89e17c4e59015aff3b8e2b08a9d72314c77363590c0db2775f43cbf47b",
    "https://deno.land/std@0.216.0/collections/take_while.ts": "b281c439e5195bc1e8a7f75aa538b4a920aeae9b29a45f0df468b4f48434506d",
    "https://deno.land/std@0.216.0/collections/union.ts": "7eaec5f85dbf115e14695a740ce43b0463f6202ee2b10408b31efa7b4eeb1968",
    "https://deno.land/std@0.216.0/collections/unzip.ts": "7dbe500a7b283a4ad6000316f98e0f590f084be103b3ea2e0519a7e3d98a38b2",
    "https://deno.land/std@0.216.0/collections/without_all.ts": "c85ec7c536037385d1b99f9820ccb0e05eea385422e74132c8c081f4dcb353e5",
    "https://deno.land/std@0.216.0/collections/zip.ts": "5320938b447da8a8ed4811d6248829886c7ddd088e1653cfce6e59d0abb73692",
    "https://deno.land/std@0.216.0/dotenv/load.ts": "587b342f0f6a3df071331fe6ba1c823729ab68f7d53805809475e486dd4161d7",
    "https://deno.land/std@0.216.0/dotenv/mod.ts": "0180eaeedaaf88647318811cdaa418cc64dc51fb08354f91f5f480d0a1309f7d",
    "https://deno.land/std@0.216.0/dotenv/parse.ts": "a49ed243bd62ec26f38614042cda4e5e3a47b18337c93b0f9f8556a5c918884b",
    "https://deno.land/std@0.216.0/dotenv/stringify.ts": "0047ad7068289735d08964046aea267a750c141b494ca0e38831b89be6c020c2",
    "https://deno.land/std@0.216.0/encoding/_util.ts": "beacef316c1255da9bc8e95afb1fa56ed69baef919c88dc06ae6cb7a6103d376",
    "https://deno.land/std@0.216.0/encoding/base64.ts": "96e61a556d933201266fea84ae500453293f2aff130057b579baafda096a96bc",
    "https://deno.land/std@0.216.0/encoding/hex.ts": "4d47d3b25103cf81a2ed38f54b394d39a77b63338e1eaa04b70c614cb45ec2e6",
    "https://deno.land/std@0.216.0/fmt/bytes.ts": "7b294a4b9cf0297efa55acb55d50610f3e116a0ac772d1df0ae00f0b833ccd4a",
    "https://deno.land/std@0.216.0/fmt/colors.ts": "d239d84620b921ea520125d778947881f62c50e78deef2657073840b8af9559a",
    "https://deno.land/std@0.216.0/http/_negotiation/common.ts": "051a9f6edd1ed69507df89bbc16fc1b13b7654b9b8fd38072ec33ae4c185fc13",
    "https://deno.land/std@0.216.0/http/_negotiation/encoding.ts": "afc658fca003248777919257474a2d128892cbca4a3b9faa1ddee8d7a53e52a9",
    "https://deno.land/std@0.216.0/http/_negotiation/language.ts": "4d38c2abeaabcd69de1f1b81e2c3e33ba9c3f4f9eea1b7af93664561d43092ff",
    "https://deno.land/std@0.216.0/http/_negotiation/media_type.ts": "1f6f2036e3173b42b0bdf8df8011d72e20668d35eadc8cec11a5ac0921aa60fb",
    "https://deno.land/std@0.216.0/http/cookie.ts": "5779cde46c67f9650c5e61902bdedfffd4b9b86c2eb65f601133d11f41acc95e",
    "https://deno.land/std@0.216.0/http/etag.ts": "9c120f11b2e57fdaeda28a6cf6c060a3d203e58f56e5856a717281dd0318eedc",
    "https://deno.land/std@0.216.0/http/file_server.ts": "9ac4b039b6d2a419b10dd027bdafdfa9d262ddea0b6f033f96a0b6c3706bab69",
    "https://deno.land/std@0.216.0/http/mod.ts": "b0e06293a8a2f71b041add53d4674d4997bd2b83a4760bddad1b5e552130bcc8",
    "https://deno.land/std@0.216.0/http/negotiation.ts": "d06ef2958ca712a7dbe4538eed6a46abfa2b87f8e150b7c89d83a6055dabd7cc",
    "https://deno.land/std@0.216.0/http/server.ts": "6dce295abc169d0956ae00432441331b3425afad4d79e8b3475739be2f04d614",
    "https://deno.land/std@0.216.0/http/server_sent_event_stream.ts": "d9c20b46f986d78f60c38dbd91e95c71d73b45f29739a8ef4216dfa5f2e71eb3",
    "https://deno.land/std@0.216.0/http/status.ts": "ed61b4882af2514a81aefd3245e8df4c47b9a8e54929a903577643d2d1ebf514",
    "https://deno.land/std@0.216.0/http/unstable_signed_cookie.ts": "a8d214120f7e9cbc9e30cc398844dae969dfaedbdec8d6d02baeb08b32db43e9",
    "https://deno.land/std@0.216.0/http/user_agent.ts": "14639cfce2b4a95e057b10418b5be1bdfb54ab18fa9388688bfaf137481be159",
    "https://deno.land/std@0.216.0/media_types/_db.ts": "1d695d9fe1c785e523d6de7191b33f33ecc7866db77358a4f966221cca56e2f9",
    "https://deno.land/std@0.216.0/media_types/_util.ts": "afd54920a8a81add64248897898d3f30ca414a8803fe0c4e6d2893a3f6bd32b0",
    "https://deno.land/std@0.216.0/media_types/content_type.ts": "ed3f2e1f243b418ad3f441edc95fd92efbadb0f9bde36219c7564c67f9639513",
    "https://deno.land/std@0.216.0/media_types/format_media_type.ts": "ffef4718afa2489530cb94021bb865a466eb02037609f7e82899c017959d288a",
    "https://deno.land/std@0.216.0/media_types/get_charset.ts": "bce5c0343c14590516cbfa1a3e80891d9a7a53bc9b4a9010061cc4f879e18f6c",
    "https://deno.land/std@0.216.0/media_types/parse_media_type.ts": "487f000a38c230ccbac25420a50f600862e06796d0eee19d19631b9e84ee9654",
    "https://deno.land/std@0.216.0/media_types/type_by_extension.ts": "bf4e3f5d6b58b624d5daa01cbb8b1e86d9939940a77e7c26e796a075b60ec73b",
    "https://deno.land/std@0.216.0/media_types/vendor/mime-db.v1.52.0.ts": "0218d2c7d900e8cd6fa4a866e0c387712af4af9a1bae55d6b2546c73d273a1e6",
    "https://deno.land/std@0.216.0/path/_common/assert_path.ts": "2ca275f36ac1788b2acb60fb2b79cb06027198bc2ba6fb7e163efaedde98c297",
    "https://deno.land/std@0.216.0/path/_common/basename.ts": "569744855bc8445f3a56087fd2aed56bdad39da971a8d92b138c9913aecc5fa2",
    "https://deno.land/std@0.216.0/path/_common/common.ts": "6157c7ec1f4db2b4a9a187efd6ce76dcaf1e61cfd49f87e40d4ea102818df031",
    "https://deno.land/std@0.216.0/path/_common/constants.ts": "dc5f8057159f4b48cd304eb3027e42f1148cf4df1fb4240774d3492b5d12ac0c",
    "https://deno.land/std@0.216.0/path/_common/dirname.ts": "684df4aa71a04bbcc346c692c8485594fc8a90b9408dfbc26ff32cf3e0c98cc8",
    "https://deno.land/std@0.216.0/path/_common/format.ts": "92500e91ea5de21c97f5fe91e178bae62af524b72d5fcd246d6d60ae4bcada8b",
    "https://deno.land/std@0.216.0/path/_common/from_file_url.ts": "d672bdeebc11bf80e99bf266f886c70963107bdd31134c4e249eef51133ceccf",
    "https://deno.land/std@0.216.0/path/_common/glob_to_reg_exp.ts": "2007aa87bed6eb2c8ae8381adcc3125027543d9ec347713c1ad2c68427330770",
    "https://deno.land/std@0.216.0/path/_common/normalize.ts": "684df4aa71a04bbcc346c692c8485594fc8a90b9408dfbc26ff32cf3e0c98cc8",
    "https://deno.land/std@0.216.0/path/_common/normalize_string.ts": "dfdf657a1b1a7db7999f7c575ee7e6b0551d9c20f19486c6c3f5ff428384c965",
    "https://deno.land/std@0.216.0/path/_common/relative.ts": "faa2753d9b32320ed4ada0733261e3357c186e5705678d9dd08b97527deae607",
    "https://deno.land/std@0.216.0/path/_common/strip_trailing_separators.ts": "7024a93447efcdcfeaa9339a98fa63ef9d53de363f1fbe9858970f1bba02655a",
    "https://deno.land/std@0.216.0/path/_common/to_file_url.ts": "7f76adbc83ece1bba173e6e98a27c647712cab773d3f8cbe0398b74afc817883",
    "https://deno.land/std@0.216.0/path/_interface.ts": "a1419fcf45c0ceb8acdccc94394e3e94f99e18cfd32d509aab514c8841799600",
    "https://deno.land/std@0.216.0/path/_os.ts": "8fb9b90fb6b753bd8c77cfd8a33c2ff6c5f5bc185f50de8ca4ac6a05710b2c15",
    "https://deno.land/std@0.216.0/path/basename.ts": "5d341aadb7ada266e2280561692c165771d071c98746fcb66da928870cd47668",
    "https://deno.land/std@0.216.0/path/common.ts": "03e52e22882402c986fe97ca3b5bb4263c2aa811c515ce84584b23bac4cc2643",
    "https://deno.land/std@0.216.0/path/constants.ts": "0c206169ca104938ede9da48ac952de288f23343304a1c3cb6ec7625e7325f36",
    "https://deno.land/std@0.216.0/path/dirname.ts": "85bd955bf31d62c9aafdd7ff561c4b5fb587d11a9a5a45e2b01aedffa4238a7c",
    "https://deno.land/std@0.216.0/path/extname.ts": "593303db8ae8c865cbd9ceec6e55d4b9ac5410c1e276bfd3131916591b954441",
    "https://deno.land/std@0.216.0/path/format.ts": "98fad25f1af7b96a48efb5b67378fcc8ed77be895df8b9c733b86411632162af",
    "https://deno.land/std@0.216.0/path/from_file_url.ts": "911833ae4fd10a1c84f6271f36151ab785955849117dc48c6e43b929504ee069",
    "https://deno.land/std@0.216.0/path/glob_to_regexp.ts": "5e51f78a0248c75464bf1d49173de3ec2c032880a530578e56b3fed2a57e69d3",
    "https://deno.land/std@0.216.0/path/is_absolute.ts": "4791afc8bfd0c87f0526eaa616b0d16e7b3ab6a65b62942e50eac68de4ef67d7",
    "https://deno.land/std@0.216.0/path/is_glob.ts": "a65f6195d3058c3050ab905705891b412ff942a292bcbaa1a807a74439a14141",
    "https://deno.land/std@0.216.0/path/join.ts": "ae2ec5ca44c7e84a235fd532e4a0116bfb1f2368b394db1c4fb75e3c0f26a33a",
    "https://deno.land/std@0.216.0/path/join_globs.ts": "5b3bf248b93247194f94fa6947b612ab9d3abd571ca8386cf7789038545e54a0",
    "https://deno.land/std@0.216.0/path/mod.ts": "6f856db94f6a72fc2cf69e0a85eb523aee6a3cd274470717e96f4bee0c9fe329",
    "https://deno.land/std@0.216.0/path/normalize.ts": "4155743ccceeed319b350c1e62e931600272fad8ad00c417b91df093867a8352",
    "https://deno.land/std@0.216.0/path/normalize_glob.ts": "cc89a77a7d3b1d01053b9dcd59462b75482b11e9068ae6c754b5cf5d794b374f",
    "https://deno.land/std@0.216.0/path/parse.ts": "65e8e285f1a63b714e19ef24b68f56e76934c3df0b6e65fd440d3991f4f8aefb",
    "https://deno.land/std@0.216.0/path/posix/_util.ts": "1e3937da30f080bfc99fe45d7ed23c47dd8585c5e473b2d771380d3a6937cf9d",
    "https://deno.land/std@0.216.0/path/posix/basename.ts": "39ee27a29f1f35935d3603ccf01d53f3d6e0c5d4d0f84421e65bd1afeff42843",
    "https://deno.land/std@0.216.0/path/posix/common.ts": "26f60ccc8b2cac3e1613000c23ac5a7d392715d479e5be413473a37903a2b5d4",
    "https://deno.land/std@0.216.0/path/posix/constants.ts": "93481efb98cdffa4c719c22a0182b994e5a6aed3047e1962f6c2c75b7592bef1",
    "https://deno.land/std@0.216.0/path/posix/dirname.ts": "6535d2bdd566118963537b9dda8867ba9e2a361015540dc91f5afbb65c0cce8b",
    "https://deno.land/std@0.216.0/path/posix/extname.ts": "8d36ae0082063c5e1191639699e6f77d3acf501600a3d87b74943f0ae5327427",
    "https://deno.land/std@0.216.0/path/posix/format.ts": "185e9ee2091a42dd39e2a3b8e4925370ee8407572cee1ae52838aed96310c5c1",
    "https://deno.land/std@0.216.0/path/posix/from_file_url.ts": "951aee3a2c46fd0ed488899d024c6352b59154c70552e90885ed0c2ab699bc40",
    "https://deno.land/std@0.216.0/path/posix/glob_to_regexp.ts": "54d3ff40f309e3732ab6e5b19d7111d2d415248bcd35b67a99defcbc1972e697",
    "https://deno.land/std@0.216.0/path/posix/is_absolute.ts": "cebe561ad0ae294f0ce0365a1879dcfca8abd872821519b4fcc8d8967f888ede",
    "https://deno.land/std@0.216.0/path/posix/is_glob.ts": "8a8b08c08bf731acf2c1232218f1f45a11131bc01de81e5f803450a5914434b9",
    "https://deno.land/std@0.216.0/path/posix/join.ts": "aef88d5fa3650f7516730865dbb951594d1a955b785e2450dbee93b8e32694f3",
    "https://deno.land/std@0.216.0/path/posix/join_globs.ts": "f6e2619c196b82d8fd67ba2cf680e5b44461f38bdfeec26d7b3f55bd92a85988",
    "https://deno.land/std@0.216.0/path/posix/mod.ts": "2301fc1c54a28b349e20656f68a85f75befa0ee9b6cd75bfac3da5aca9c3f604",
    "https://deno.land/std@0.216.0/path/posix/normalize.ts": "baeb49816a8299f90a0237d214cef46f00ba3e95c0d2ceb74205a6a584b58a91",
    "https://deno.land/std@0.216.0/path/posix/normalize_glob.ts": "41b477068deb832df7f51d6e2b3c0bc274d20919e20c5240d785ba535572d3d0",
    "https://deno.land/std@0.216.0/path/posix/parse.ts": "d5bac4eb21262ab168eead7e2196cb862940c84cee572eafedd12a0d34adc8fb",
    "https://deno.land/std@0.216.0/path/posix/relative.ts": "3907d6eda41f0ff723d336125a1ad4349112cd4d48f693859980314d5b9da31c",
    "https://deno.land/std@0.216.0/path/posix/resolve.ts": "bac20d9921beebbbb2b73706683b518b1d0c1b1da514140cee409e90d6b2913a",
    "https://deno.land/std@0.216.0/path/posix/to_file_url.ts": "7aa752ba66a35049e0e4a4be5a0a31ac6b645257d2e031142abb1854de250aaf",
    "https://deno.land/std@0.216.0/path/posix/to_namespaced_path.ts": "28b216b3c76f892a4dca9734ff1cc0045d135532bfd9c435ae4858bfa5a2ebf0",
    "https://deno.land/std@0.216.0/path/relative.ts": "ab739d727180ed8727e34ed71d976912461d98e2b76de3d3de834c1066667add",
    "https://deno.land/std@0.216.0/path/resolve.ts": "a6f977bdb4272e79d8d0ed4333e3d71367cc3926acf15ac271f1d059c8494d8d",
    "https://deno.land/std@0.216.0/path/to_file_url.ts": "88f049b769bce411e2d2db5bd9e6fd9a185a5fbd6b9f5ad8f52bef517c4ece1b",
    "https://deno.land/std@0.216.0/path/to_namespaced_path.ts": "b706a4103b104cfadc09600a5f838c2ba94dbcdb642344557122dda444526e40",
    "https://deno.land/std@0.216.0/path/windows/_util.ts": "d5f47363e5293fced22c984550d5e70e98e266cc3f31769e1710511803d04808",
    "https://deno.land/std@0.216.0/path/windows/basename.ts": "e2dbf31d1d6385bfab1ce38c333aa290b6d7ae9e0ecb8234a654e583cf22f8fe",
    "https://deno.land/std@0.216.0/path/windows/common.ts": "26f60ccc8b2cac3e1613000c23ac5a7d392715d479e5be413473a37903a2b5d4",
    "https://deno.land/std@0.216.0/path/windows/constants.ts": "5afaac0a1f67b68b0a380a4ef391bf59feb55856aa8c60dfc01bd3b6abb813f5",
    "https://deno.land/std@0.216.0/path/windows/dirname.ts": "33e421be5a5558a1346a48e74c330b8e560be7424ed7684ea03c12c21b627bc9",
    "https://deno.land/std@0.216.0/path/windows/extname.ts": "165a61b00d781257fda1e9606a48c78b06815385e7d703232548dbfc95346bef",
    "https://deno.land/std@0.216.0/path/windows/format.ts": "bbb5ecf379305b472b1082cd2fdc010e44a0020030414974d6029be9ad52aeb6",
    "https://deno.land/std@0.216.0/path/windows/from_file_url.ts": "ced2d587b6dff18f963f269d745c4a599cf82b0c4007356bd957cb4cb52efc01",
    "https://deno.land/std@0.216.0/path/windows/glob_to_regexp.ts": "6dcd1242bd8907aa9660cbdd7c93446e6927b201112b0cba37ca5d80f81be51b",
    "https://deno.land/std@0.216.0/path/windows/is_absolute.ts": "4a8f6853f8598cf91a835f41abed42112cebab09478b072e4beb00ec81f8ca8a",
    "https://deno.land/std@0.216.0/path/windows/is_glob.ts": "8a8b08c08bf731acf2c1232218f1f45a11131bc01de81e5f803450a5914434b9",
    "https://deno.land/std@0.216.0/path/windows/join.ts": "e0b3356615c1a75c56ebb6a7311157911659e11fd533d80d724800126b761ac3",
    "https://deno.land/std@0.216.0/path/windows/join_globs.ts": "f6e2619c196b82d8fd67ba2cf680e5b44461f38bdfeec26d7b3f55bd92a85988",
    "https://deno.land/std@0.216.0/path/windows/mod.ts": "2301fc1c54a28b349e20656f68a85f75befa0ee9b6cd75bfac3da5aca9c3f604",
    "https://deno.land/std@0.216.0/path/windows/normalize.ts": "78126170ab917f0ca355a9af9e65ad6bfa5be14d574c5fb09bb1920f52577780",
    "https://deno.land/std@0.216.0/path/windows/normalize_glob.ts": "c57c186b0785ba5320a85e573c264f42c46eb1d0a4a78611f4791a7083baaa17",
    "https://deno.land/std@0.216.0/path/windows/parse.ts": "b9239edd892a06a06625c1b58425e199f018ce5649ace024d144495c984da734",
    "https://deno.land/std@0.216.0/path/windows/relative.ts": "3e1abc7977ee6cc0db2730d1f9cb38be87b0ce4806759d271a70e4997fc638d7",
    "https://deno.land/std@0.216.0/path/windows/resolve.ts": "75b2e3e1238d840782cee3d8864d82bfaa593c7af8b22f19c6422cf82f330ab3",
    "https://deno.land/std@0.216.0/path/windows/to_file_url.ts": "1cd63fd35ec8d1370feaa4752eccc4cc05ea5362a878be8dc7db733650995484",
    "https://deno.land/std@0.216.0/path/windows/to_namespaced_path.ts": "4ffa4fb6fae321448d5fe810b3ca741d84df4d7897e61ee29be961a6aac89a4c",
    "https://deno.land/std@0.216.0/streams/byte_slice_stream.ts": "5bbdcadb118390affa9b3d0a0f73ef8e83754f59bb89df349add669dd9369713",
    "https://deno.land/std@0.216.0/version.ts": "953bada0e10c46d1a0192725deeb6f8bf5a9bd7d098ad72def816f9b15b0fee7",
    "https://deno.land/x/fathym_common@v0.0.138-integration/mod.ts": "cbf0ea15f84b1407893ef36aac828de1f1734691d6a0122ad0ea6c13509f3077",
    "https://deno.land/x/fathym_common@v0.0.138-integration/src/iterables/Queue.ts": "b057a89a7f5f326f0214c8a4bd87450eabb632d82128718619020fdc1d0f66d3",
    "https://deno.land/x/fathym_common@v0.0.138-integration/src/iterables/Stack.ts": "500fef9b21c40ad357fe59e8f7b82ef330105b5db8084af10b82435e6a89f902",
    "https://deno.land/x/fathym_common@v0.0.138-integration/src/iterables/_exports.ts": "c912d9acd48dfbc3c58e1193a6f706d0944f181a6fd98277ffc029bca99c4276",
    "https://deno.land/x/fathym_common@v0.0.138-integration/src/services/BaseRequest.ts": "94722e8ab38181c7ff6a31aa279fd350d68a039772eda3781321a87beb24aad1",
    "https://deno.land/x/fathym_common@v0.0.138-integration/src/services/BaseResponse.ts": "c9e86603cedce676c99f059e168b6f7dc36b13d429b93e18538595870c66fa92",
    "https://deno.land/x/fathym_common@v0.0.138-integration/src/services/ObservableContextService.ts": "2a288412d67fb24a457afe6c6f735e4ef5ebf7636ce811ed4a80f088fa40031b",
    "https://deno.land/x/fathym_common@v0.0.138-integration/src/services/Pageable.ts": "6de897b1f00d8149ef3f10a9192f31a54b5a7fc704073271780cc8cfb9050605",
    "https://deno.land/x/fathym_common@v0.0.138-integration/src/services/RealTimeConnection.ts": "dfc6f1e17d4b9fc3711fdd531363c92a8262fe9393a49d3ceca142203ffd0cc6",
    "https://deno.land/x/fathym_common@v0.0.138-integration/src/services/StateContext.ts": "2f23ecb4b91d604f85c847d318d9007c81c92399badc285452c8bd62958831f9",
    "https://deno.land/x/fathym_common@v0.0.138-integration/src/services/_exports.ts": "a3bd1eea75b39236d4e8f0f460fd679cd8905e57f95b8e618f899a5c547b0108",
    "https://deno.land/x/fathym_common@v0.0.138-integration/src/src.deps.ts": "345f9c31ca4ab6f9a397256101106a05f6d7f0a99f6d80b7c26520c394ff94d7",
    "https://deno.land/x/fathym_common@v0.0.138-integration/src/status.ts": "46ff39f46ee0b49dd2db776e57155400a1d195ff7267f4dda5a0dd907a360e04",
    "https://deno.land/x/fathym_common@v0.0.138-integration/src/utils/_exports.ts": "0e9b5d4c705b739d9d8c43c39cee1ba95ae69137e15d78cc9cfc4a8fd746fa5a",
    "https://deno.land/x/fathym_common@v0.0.138-integration/src/utils/http.helpers.ts": "3a31ef202816883e16bccbb74d4d8b71f15be2fe603b0f041272e6b4f1afa5ad",
    "https://deno.land/x/fathym_common@v0.0.138-integration/src/utils/iterables.ts": "936c9407203a750299b3528b18a6845b91d36bd4699e74b59f3047d78b1ce4cc",
    "https://deno.land/x/fathym_common@v0.0.138-integration/src/utils/object.helpers.ts": "f9b2c28d2b3e464d02ad28449138fd6ad417edbcd25dd2b9c4049f794954adec",
    "https://deno.land/x/fathym_common@v0.0.138-integration/src/utils/path.ts": "d585b3de0e22f2dc173d58e484b8e1614ea1abdc7e7d70e33ed4acfad71d25f5",
    "https://deno.land/x/fathym_common@v0.0.138-integration/src/utils/tailwind.helpers.ts": "5d38356381d041658a7588c4cd87df8b16fb24063075303b9e91fda8ae1a4f1a",
    "https://deno.land/x/fathym_common@v0.0.139-integration/mod.ts": "9b9ec6a2599bba9859f9532b5712acb334bff2859c3a8649edb94fc8d133ce6c",
    "https://deno.land/x/fathym_common@v0.0.139-integration/src/_exports.ts": "263c9b4719c61c0450ed2a610dc38a7980479cbfcc3fa98f95c8b733603b5206",
    "https://deno.land/x/fathym_common@v0.0.139-integration/src/iterables/Queue.ts": "b057a89a7f5f326f0214c8a4bd87450eabb632d82128718619020fdc1d0f66d3",
    "https://deno.land/x/fathym_common@v0.0.139-integration/src/iterables/Stack.ts": "500fef9b21c40ad357fe59e8f7b82ef330105b5db8084af10b82435e6a89f902",
    "https://deno.land/x/fathym_common@v0.0.139-integration/src/iterables/_exports.ts": "c912d9acd48dfbc3c58e1193a6f706d0944f181a6fd98277ffc029bca99c4276",
    "https://deno.land/x/fathym_common@v0.0.139-integration/src/services/BaseRequest.ts": "94722e8ab38181c7ff6a31aa279fd350d68a039772eda3781321a87beb24aad1",
    "https://deno.land/x/fathym_common@v0.0.139-integration/src/services/BaseResponse.ts": "c9e86603cedce676c99f059e168b6f7dc36b13d429b93e18538595870c66fa92",
    "https://deno.land/x/fathym_common@v0.0.139-integration/src/services/ObservableContextService.ts": "2a288412d67fb24a457afe6c6f735e4ef5ebf7636ce811ed4a80f088fa40031b",
    "https://deno.land/x/fathym_common@v0.0.139-integration/src/services/Pageable.ts": "6de897b1f00d8149ef3f10a9192f31a54b5a7fc704073271780cc8cfb9050605",
    "https://deno.land/x/fathym_common@v0.0.139-integration/src/services/RealTimeConnection.ts": "dfc6f1e17d4b9fc3711fdd531363c92a8262fe9393a49d3ceca142203ffd0cc6",
    "https://deno.land/x/fathym_common@v0.0.139-integration/src/services/StateContext.ts": "2f23ecb4b91d604f85c847d318d9007c81c92399badc285452c8bd62958831f9",
    "https://deno.land/x/fathym_common@v0.0.139-integration/src/services/_exports.ts": "a3bd1eea75b39236d4e8f0f460fd679cd8905e57f95b8e618f899a5c547b0108",
    "https://deno.land/x/fathym_common@v0.0.139-integration/src/src.deps.ts": "345f9c31ca4ab6f9a397256101106a05f6d7f0a99f6d80b7c26520c394ff94d7",
    "https://deno.land/x/fathym_common@v0.0.139-integration/src/status.ts": "46ff39f46ee0b49dd2db776e57155400a1d195ff7267f4dda5a0dd907a360e04",
    "https://deno.land/x/fathym_common@v0.0.139-integration/src/utils/_exports.ts": "0e9b5d4c705b739d9d8c43c39cee1ba95ae69137e15d78cc9cfc4a8fd746fa5a",
    "https://deno.land/x/fathym_common@v0.0.139-integration/src/utils/http.helpers.ts": "3a31ef202816883e16bccbb74d4d8b71f15be2fe603b0f041272e6b4f1afa5ad",
    "https://deno.land/x/fathym_common@v0.0.139-integration/src/utils/iterables.ts": "936c9407203a750299b3528b18a6845b91d36bd4699e74b59f3047d78b1ce4cc",
    "https://deno.land/x/fathym_common@v0.0.139-integration/src/utils/object.helpers.ts": "f9b2c28d2b3e464d02ad28449138fd6ad417edbcd25dd2b9c4049f794954adec",
    "https://deno.land/x/fathym_common@v0.0.139-integration/src/utils/path.ts": "d585b3de0e22f2dc173d58e484b8e1614ea1abdc7e7d70e33ed4acfad71d25f5",
    "https://deno.land/x/fathym_common@v0.0.139-integration/src/utils/tailwind.helpers.ts": "5d38356381d041658a7588c4cd87df8b16fb24063075303b9e91fda8ae1a4f1a",
    "https://deno.land/x/fathym_common@v0.0.139/mod.ts": "9b9ec6a2599bba9859f9532b5712acb334bff2859c3a8649edb94fc8d133ce6c",
    "https://deno.land/x/fathym_common@v0.0.139/src/_exports.ts": "263c9b4719c61c0450ed2a610dc38a7980479cbfcc3fa98f95c8b733603b5206",
    "https://deno.land/x/fathym_common@v0.0.139/src/iterables/Queue.ts": "b057a89a7f5f326f0214c8a4bd87450eabb632d82128718619020fdc1d0f66d3",
    "https://deno.land/x/fathym_common@v0.0.139/src/iterables/Stack.ts": "500fef9b21c40ad357fe59e8f7b82ef330105b5db8084af10b82435e6a89f902",
    "https://deno.land/x/fathym_common@v0.0.139/src/iterables/_exports.ts": "c912d9acd48dfbc3c58e1193a6f706d0944f181a6fd98277ffc029bca99c4276",
    "https://deno.land/x/fathym_common@v0.0.139/src/services/BaseRequest.ts": "94722e8ab38181c7ff6a31aa279fd350d68a039772eda3781321a87beb24aad1",
    "https://deno.land/x/fathym_common@v0.0.139/src/services/BaseResponse.ts": "c9e86603cedce676c99f059e168b6f7dc36b13d429b93e18538595870c66fa92",
    "https://deno.land/x/fathym_common@v0.0.139/src/services/ObservableContextService.ts": "2a288412d67fb24a457afe6c6f735e4ef5ebf7636ce811ed4a80f088fa40031b",
    "https://deno.land/x/fathym_common@v0.0.139/src/services/Pageable.ts": "6de897b1f00d8149ef3f10a9192f31a54b5a7fc704073271780cc8cfb9050605",
    "https://deno.land/x/fathym_common@v0.0.139/src/services/RealTimeConnection.ts": "dfc6f1e17d4b9fc3711fdd531363c92a8262fe9393a49d3ceca142203ffd0cc6",
    "https://deno.land/x/fathym_common@v0.0.139/src/services/StateContext.ts": "2f23ecb4b91d604f85c847d318d9007c81c92399badc285452c8bd62958831f9",
    "https://deno.land/x/fathym_common@v0.0.139/src/services/_exports.ts": "a3bd1eea75b39236d4e8f0f460fd679cd8905e57f95b8e618f899a5c547b0108",
    "https://deno.land/x/fathym_common@v0.0.139/src/src.deps.ts": "345f9c31ca4ab6f9a397256101106a05f6d7f0a99f6d80b7c26520c394ff94d7",
    "https://deno.land/x/fathym_common@v0.0.139/src/status.ts": "46ff39f46ee0b49dd2db776e57155400a1d195ff7267f4dda5a0dd907a360e04",
    "https://deno.land/x/fathym_common@v0.0.139/src/utils/_exports.ts": "0e9b5d4c705b739d9d8c43c39cee1ba95ae69137e15d78cc9cfc4a8fd746fa5a",
    "https://deno.land/x/fathym_common@v0.0.139/src/utils/http.helpers.ts": "3a31ef202816883e16bccbb74d4d8b71f15be2fe603b0f041272e6b4f1afa5ad",
    "https://deno.land/x/fathym_common@v0.0.139/src/utils/iterables.ts": "936c9407203a750299b3528b18a6845b91d36bd4699e74b59f3047d78b1ce4cc",
    "https://deno.land/x/fathym_common@v0.0.139/src/utils/object.helpers.ts": "f9b2c28d2b3e464d02ad28449138fd6ad417edbcd25dd2b9c4049f794954adec",
    "https://deno.land/x/fathym_common@v0.0.139/src/utils/path.ts": "d585b3de0e22f2dc173d58e484b8e1614ea1abdc7e7d70e33ed4acfad71d25f5",
    "https://deno.land/x/fathym_common@v0.0.139/src/utils/tailwind.helpers.ts": "5d38356381d041658a7588c4cd87df8b16fb24063075303b9e91fda8ae1a4f1a",
    "https://esm.sh/chalk@5.3.0": "c6d525e5551f7cfac029db68058a4ae44a49dcbc7a5a792850a04e655e8702f9",
    "https://esm.sh/v135/chalk@5.3.0/denonext/chalk.mjs": "3943aef3775b1bb1c19ed547ef6d4ab66cb3f417595fd1dd70366878607cf9bf"
  }
}
